
Microsoft Visual Studio Solution File, Format Version 12.00
# Visual Studio 15
VisualStudioVersion = 15.0.28010.2036
MinimumVisualStudioVersion = 10.0.40219.1
Project("{FAE04EC0-301F-11D3-BF4B-00C04F79EFBC}") = "MisOfertasWeb", "MisOfertasWeb\MisOfertasWeb.csproj", "{4074665F-B785-4350-B3A3-CB14875BD038}"
EndProject
Project("{FAE04EC0-301F-11D3-BF4B-00C04F79EFBC}") = "MisOfertasWeb.Tests", "MisOfertasWeb.Tests\MisOfertasWeb.Tests.csproj", "{6764AD42-BCD5-4056-B4E5-19A8D5813FE7}"
EndProject
Global
	GlobalSection(SolutionConfigurationPlatforms) = preSolution
		Debug|Any CPU = Debug|Any CPU
		Release|Any CPU = Release|Any CPU
	EndGlobalSection
	GlobalSection(ProjectConfigurationPlatforms) = postSolution
		{4074665F-B785-4350-B3A3-CB14875BD038}.Debug|Any CPU.ActiveCfg = Debug|Any CPU
		{4074665F-B785-4350-B3A3-CB14875BD038}.Debug|Any CPU.Build.0 = Debug|Any CPU
		{4074665F-B785-4350-B3A3-CB14875BD038}.Release|Any CPU.ActiveCfg = Release|Any CPU
		{4074665F-B785-4350-B3A3-CB14875BD038}.Release|Any CPU.Build.0 = Release|Any CPU
		{6764AD42-BCD5-4056-B4E5-19A8D5813FE7}.Debug|Any CPU.ActiveCfg = Debug|Any CPU
		{6764AD42-BCD5-4056-B4E5-19A8D5813FE7}.Debug|Any CPU.Build.0 = Debug|Any CPU
		{6764AD42-BCD5-4056-B4E5-19A8D5813FE7}.Release|Any CPU.ActiveCfg = Release|Any CPU
		{6764AD42-BCD5-4056-B4E5-19A8D5813FE7}.Release|Any CPU.Build.0 = Release|Any CPU
	EndGlobalSection
	GlobalSection(SolutionProperties) = preSolution
		HideSolutionNode = FALSE
	EndGlobalSection
	GlobalSection(ExtensibilityGlobals) = postSolution
		SolutionGuid = {6F1336C4-C3F4-4FB2-943D-E56D28DBED17}
	EndGlobalSection
EndGlobal
